
Microsoft Visual Studio Solution File, Format Version 12.00
# Visual Studio Version 17
VisualStudioVersion = 17.6.33723.286
MinimumVisualStudioVersion = 10.0.40219.1
Project("{FAE04EC0-301F-11D3-BF4B-00C04F79EFBC}") = "Backend", "Backend\Backend.csproj", "{A1093CDE-B33B-4B7C-AF42-CBBD149EC574}"
EndProject
Global
	GlobalSection(SolutionConfigurationPlatforms) = preSolution
		Debug|Any CPU = Debug|Any CPU
		Release|Any CPU = Release|Any CPU
	EndGlobalSection
	GlobalSection(ProjectConfigurationPlatforms) = postSolution
		{A1093CDE-B33B-4B7C-AF42-CBBD149EC574}.Debug|Any CPU.ActiveCfg = Debug|Any CPU
		{A1093CDE-B33B-4B7C-AF42-CBBD149EC574}.Debug|Any CPU.Build.0 = Debug|Any CPU
		{A1093CDE-B33B-4B7C-AF42-CBBD149EC574}.Release|Any CPU.ActiveCfg = Release|Any CPU
		{A1093CDE-B33B-4B7C-AF42-CBBD149EC574}.Release|Any CPU.Build.0 = Release|Any CPU
	EndGlobalSection
	GlobalSection(SolutionProperties) = preSolution
		HideSolutionNode = FALSE
	EndGlobalSection
	GlobalSection(ExtensibilityGlobals) = postSolution
		SolutionGuid = {94A58F24-B443-4DEC-9CB0-0A18C6BDDC0F}
	EndGlobalSection
EndGlobal
